
Microsoft Visual Studio Solution File, Format Version 12.00
# Visual Studio Version 17
VisualStudioVersion = 17.12.35323.107
MinimumVisualStudioVersion = 10.0.40219.1
Project("{FAE04EC0-301F-11D3-BF4B-00C04F79EFBC}") = "Neural Network for One User", "Neural Network for One User\Neural Network for One User.csproj", "{CBAD23A0-73A2-4848-9265-596956404A16}"
EndProject
Global
	GlobalSection(SolutionConfigurationPlatforms) = preSolution
		Debug|Any CPU = Debug|Any CPU
		Release|Any CPU = Release|Any CPU
	EndGlobalSection
	GlobalSection(ProjectConfigurationPlatforms) = postSolution
		{CBAD23A0-73A2-4848-9265-596956404A16}.Debug|Any CPU.ActiveCfg = Debug|Any CPU
		{CBAD23A0-73A2-4848-9265-596956404A16}.Debug|Any CPU.Build.0 = Debug|Any CPU
		{CBAD23A0-73A2-4848-9265-596956404A16}.Release|Any CPU.ActiveCfg = Release|Any CPU
		{CBAD23A0-73A2-4848-9265-596956404A16}.Release|Any CPU.Build.0 = Release|Any CPU
	EndGlobalSection
	GlobalSection(SolutionProperties) = preSolution
		HideSolutionNode = FALSE
	EndGlobalSection
	GlobalSection(ExtensibilityGlobals) = postSolution
		SolutionGuid = {15DAAC65-A8B1-47DA-85FD-063BB5CFE4D1}
	EndGlobalSection
EndGlobal
